<?xml version="1.0" encoding="utf-8"?>
<Project ToolsVersion="4.0" xmlns="http://schemas.microsoft.com/developer/msbuild/2003">
  <ItemGroup>
    <Filter Include="Source Files">
      <UniqueIdentifier>{4FC737F1-C7A5-4376-A066-2A32D752A2FF}</UniqueIdentifier>
      <Extensions>cpp;c;cc;cxx;def;odl;idl;hpj;bat;asm;asmx</Extensions>
    </Filter>
    <Filter Include="Header Files">
      <UniqueIdentifier>{93995380-89BD-4b04-88EB-625FBE52EBFB}</UniqueIdentifier>
      <Extensions>h;hh;hpp;hxx;hm;inl;inc;ipp;xsd</Extensions>
    </Filter>
    <Filter Include="Resource Files">
      <UniqueIdentifier>{67DA6AB6-F800-4c08-8B7A-83BB121AAD01}</UniqueIdentifier>
      <Extensions>rc;ico;cur;bmp;dlg;rc2;rct;bin;rgs;gif;jpg;jpeg;jpe;resx;tiff;tif;png;wav;mfcribbon-ms</Extensions>
    </Filter>
  </ItemGroup>
  <ItemGroup>
    <ClCompile Include="main.cpp">
      <Filter>Source Files</Filter>
    </ClCompile>
  </ItemGroup>
  <ItemGroup>
    <None Include="mainwindow.ui">
      <Filter>Resource Files</Filter>
    </None>
    <None Include="packages.config" />
  </ItemGroup>
  <ItemGroup>
    <CustomBuild Include="mainwindow.ui" />
    <CustomBuild Include="packages\Copperspice.1.6.3\build\native\copperspice\Release\bin\CsCore1.6.dll" />
    <CustomBuild Include="packages\Copperspice.1.6.3\build\native\copperspice\Release\bin\CsGui1.6.dll" />
    <CustomBuild Include="packages\Copperspice.1.6.3\build\native\copperspice\Release\bin\CsMultimedia1.6.dll" />
    <CustomBuild Include="packages\Copperspice.1.6.3\build\native\copperspice\Release\bin\CsNetwork1.6.dll" />
    <CustomBuild Include="packages\Copperspice.1.6.3\build\native\copperspice\Release\bin\CsOpenGL1.6.dll" />
    <CustomBuild Include="packages\Copperspice.1.6.3\build\native\copperspice\Release\bin\CsScript1.6.dll" />
    <CustomBuild Include="packages\Copperspice.1.6.3\build\native\copperspice\Release\bin\CsSql1.6.dll" />
    <CustomBuild Include="packages\Copperspice.1.6.3\build\native\copperspice\Release\bin\CsSvg1.6.dll" />
    <CustomBuild Include="packages\Copperspice.1.6.3\build\native\copperspice\Release\bin\CsWebKit1.6.dll" />
    <CustomBuild Include="packages\Copperspice.1.6.3\build\native\copperspice\Release\bin\CsXml1.6.dll" />
    <CustomBuild Include="packages\Copperspice.1.6.3\build\native\copperspice\Release\bin\CsXmlPatterns1.6.dll" />
    <CustomBuild Include="packages\Copperspice.1.6.3\build\native\copperspice\Release\lib\CsGuiWin1.6.dll" />
    <CustomBuild Include="packages\Copperspice.1.6.3\build\native\copperspice\Release\lib\CsMultimedia_DirectShow1.6.dll" />
    <CustomBuild Include="packages\Copperspice.1.6.3\build\native\copperspice\Release\lib\CsMultimedia_m3u1.6.dll" />
    <CustomBuild Include="packages\Copperspice.1.6.3\build\native\copperspice\Release\lib\CsPrinterDriverWin1.6.dll" />
  </ItemGroup>
</Project>