
Microsoft Visual Studio Solution File, Format Version 12.00
# Visual Studio 15
VisualStudioVersion = 15.0.28307.421
MinimumVisualStudioVersion = 10.0.40219.1
Project("{8BC9CEB8-8B4A-11D0-8D11-00A0C91BC942}") = "HelloHerbs", "HelloHerbs.vcxproj", "{1F9E833E-4B13-45A2-BF36-06CD5C59D0D0}"
EndProject
Global
	GlobalSection(SolutionConfigurationPlatforms) = preSolution
		Debug|x64 = Debug|x64
		Release|x64 = Release|x64
	EndGlobalSection
	GlobalSection(ProjectConfigurationPlatforms) = postSolution
		{1F9E833E-4B13-45A2-BF36-06CD5C59D0D0}.Debug|x64.ActiveCfg = Debug|x64
		{1F9E833E-4B13-45A2-BF36-06CD5C59D0D0}.Debug|x64.Build.0 = Debug|x64
		{1F9E833E-4B13-45A2-BF36-06CD5C59D0D0}.Release|x64.ActiveCfg = Release|x64
		{1F9E833E-4B13-45A2-BF36-06CD5C59D0D0}.Release|x64.Build.0 = Release|x64
	EndGlobalSection
	GlobalSection(SolutionProperties) = preSolution
		HideSolutionNode = FALSE
	EndGlobalSection
	GlobalSection(ExtensibilityGlobals) = postSolution
		SolutionGuid = {9C642DA1-5CFC-40DB-8CF4-BB3A73946A3F}
	EndGlobalSection
EndGlobal
