
Microsoft Visual Studio Solution File, Format Version 12.00
# Visual Studio Version 16
VisualStudioVersion = 16.0.29503.13
MinimumVisualStudioVersion = 10.0.40219.1
Project("{8BC9CEB8-8B4A-11D0-8D11-00A0C91BC942}") = "HelloHerbs", "HelloHerbs.vcxproj", "{B1742C1B-E179-4169-919E-9987A7898EC9}"
EndProject
Global
	GlobalSection(SolutionConfigurationPlatforms) = preSolution
		Debug|x64 = Debug|x64
		Release|x64 = Release|x64
	EndGlobalSection
	GlobalSection(ProjectConfigurationPlatforms) = postSolution
		{B1742C1B-E179-4169-919E-9987A7898EC9}.Debug|x64.ActiveCfg = Debug|x64
		{B1742C1B-E179-4169-919E-9987A7898EC9}.Debug|x64.Build.0 = Debug|x64
		{B1742C1B-E179-4169-919E-9987A7898EC9}.Release|x64.ActiveCfg = Release|x64
		{B1742C1B-E179-4169-919E-9987A7898EC9}.Release|x64.Build.0 = Release|x64
	EndGlobalSection
	GlobalSection(SolutionProperties) = preSolution
		HideSolutionNode = FALSE
	EndGlobalSection
	GlobalSection(ExtensibilityGlobals) = postSolution
		SolutionGuid = {DB5E33AB-447B-4C71-A92C-A89951354BFD}
	EndGlobalSection
EndGlobal
